
Microsoft Visual Studio Solution File, Format Version 11.00
# Visual Studio Version 18

Project("{8BC9CEB8-8B4A-11D0-8D11-00A0C91BC942}") = "MmlEditor - App", "MmlEditor_App.vcxproj", "{45664A84-AC19-BCCC-8945-1A7CA8C8EFC5}"
EndProject
Global
	GlobalSection(SolutionConfigurationPlatforms) = preSolution
		Debug|x64 = Debug|x64
		Release|x64 = Release|x64
	EndGlobalSection
	GlobalSection(ProjectConfigurationPlatforms) = postSolution
		{45664A84-AC19-BCCC-8945-1A7CA8C8EFC5}.Debug|x64.ActiveCfg = Debug|x64
		{45664A84-AC19-BCCC-8945-1A7CA8C8EFC5}.Debug|x64.Build.0 = Debug|x64
		{45664A84-AC19-BCCC-8945-1A7CA8C8EFC5}.Release|x64.ActiveCfg = Release|x64
		{45664A84-AC19-BCCC-8945-1A7CA8C8EFC5}.Release|x64.Build.0 = Release|x64
	EndGlobalSection
	GlobalSection(SolutionProperties) = preSolution
		HideSolutionNode = FALSE
	EndGlobalSection
EndGlobal
